
Microsoft Visual Studio Solution File, Format Version 12.00
# Visual Studio Version 17
VisualStudioVersion = 17.1.32407.343
MinimumVisualStudioVersion = 10.0.40219.1
Project("{FAE04EC0-301F-11D3-BF4B-00C04F79EFBC}") = "Examen", "Examen\Examen.csproj", "{11444EB7-3D54-4F00-A441-BF5497D477AB}"
EndProject
Global
	GlobalSection(SolutionConfigurationPlatforms) = preSolution
		Debug|Any CPU = Debug|Any CPU
		Release|Any CPU = Release|Any CPU
	EndGlobalSection
	GlobalSection(ProjectConfigurationPlatforms) = postSolution
		{11444EB7-3D54-4F00-A441-BF5497D477AB}.Debug|Any CPU.ActiveCfg = Debug|Any CPU
		{11444EB7-3D54-4F00-A441-BF5497D477AB}.Debug|Any CPU.Build.0 = Debug|Any CPU
		{11444EB7-3D54-4F00-A441-BF5497D477AB}.Release|Any CPU.ActiveCfg = Release|Any CPU
		{11444EB7-3D54-4F00-A441-BF5497D477AB}.Release|Any CPU.Build.0 = Release|Any CPU
	EndGlobalSection
	GlobalSection(SolutionProperties) = preSolution
		HideSolutionNode = FALSE
	EndGlobalSection
	GlobalSection(ExtensibilityGlobals) = postSolution
		SolutionGuid = {DC6A0F49-CACE-4423-B679-C68961A3BF9F}
	EndGlobalSection
EndGlobal
